
Microsoft Visual Studio Solution File, Format Version 12.00
# Visual Studio Version 17
VisualStudioVersion = 17.0.31903.59
MinimumVisualStudioVersion = 10.0.40219.1
Project("{2150E333-8FDC-42A3-9474-1A3956D46DE8}") = "src", "src", "{827E0CD3-B72D-47B6-A68D-7590B98EB39B}"
EndProject
Project("{FAE04EC0-301F-11D3-BF4B-00C04F79EFBC}") = "KalkGui", "src\KalkGui\KalkGui.csproj", "{77B3E6ED-E438-4B9E-ADF1-70F07E2DE531}"
EndProject
Project("{FAE04EC0-301F-11D3-BF4B-00C04F79EFBC}") = "Kalk.Core", "external\kalk\src\Kalk.Core\Kalk.Core.csproj", "{6E46797C-5D0A-4ED0-ABEC-AFFE6DF92EDC}"
EndProject
Project("{FAE04EC0-301F-11D3-BF4B-00C04F79EFBC}") = "Consolus", "external\kalk\src\Consolus\Consolus.csproj", "{A81AC5F6-5E66-4325-8326-2DF813C559C6}"
EndProject
Project("{FAE04EC0-301F-11D3-BF4B-00C04F79EFBC}") = "KalkGui.Engine", "src\KalkGui.Engine\KalkGui.Engine.csproj", "{A208FAC8-A3CB-49DF-9F7F-71022C5C2231}"
EndProject
Project("{2150E333-8FDC-42A3-9474-1A3956D46DE8}") = "tests", "tests", "{0AB3BF05-4346-4AA6-1389-037BE0695223}"
EndProject
Project("{FAE04EC0-301F-11D3-BF4B-00C04F79EFBC}") = "KalkGui.Engine.Tests", "tests\KalkGui.Engine.Tests\KalkGui.Engine.Tests.csproj", "{3F0D61ED-042C-4F84-809D-4D08C8E28631}"
EndProject
Project("{FAE04EC0-301F-11D3-BF4B-00C04F79EFBC}") = "ShaderCalc", "src\ShaderCalc\ShaderCalc.csproj", "{08F7448D-E538-4BC8-A39F-C49B0E182E3D}"
EndProject
Project("{FAE04EC0-301F-11D3-BF4B-00C04F79EFBC}") = "ShaderCalc.Tests", "tests\ShaderCalc.Tests\ShaderCalc.Tests.csproj", "{FBB790E7-EB8D-4A6B-AC92-5C4CB8039B19}"
EndProject
Global
	GlobalSection(SolutionConfigurationPlatforms) = preSolution
		Debug|Any CPU = Debug|Any CPU
		Debug|x64 = Debug|x64
		Debug|x86 = Debug|x86
		Release|Any CPU = Release|Any CPU
		Release|x64 = Release|x64
		Release|x86 = Release|x86
	EndGlobalSection
	GlobalSection(ProjectConfigurationPlatforms) = postSolution
		{77B3E6ED-E438-4B9E-ADF1-70F07E2DE531}.Debug|Any CPU.ActiveCfg = Debug|Any CPU
		{77B3E6ED-E438-4B9E-ADF1-70F07E2DE531}.Debug|Any CPU.Build.0 = Debug|Any CPU
		{77B3E6ED-E438-4B9E-ADF1-70F07E2DE531}.Debug|x64.ActiveCfg = Debug|Any CPU
		{77B3E6ED-E438-4B9E-ADF1-70F07E2DE531}.Debug|x64.Build.0 = Debug|Any CPU
		{77B3E6ED-E438-4B9E-ADF1-70F07E2DE531}.Debug|x86.ActiveCfg = Debug|Any CPU
		{77B3E6ED-E438-4B9E-ADF1-70F07E2DE531}.Debug|x86.Build.0 = Debug|Any CPU
		{77B3E6ED-E438-4B9E-ADF1-70F07E2DE531}.Release|Any CPU.ActiveCfg = Release|Any CPU
		{77B3E6ED-E438-4B9E-ADF1-70F07E2DE531}.Release|Any CPU.Build.0 = Release|Any CPU
		{77B3E6ED-E438-4B9E-ADF1-70F07E2DE531}.Release|x64.ActiveCfg = Release|Any CPU
		{77B3E6ED-E438-4B9E-ADF1-70F07E2DE531}.Release|x64.Build.0 = Release|Any CPU
		{77B3E6ED-E438-4B9E-ADF1-70F07E2DE531}.Release|x86.ActiveCfg = Release|Any CPU
		{77B3E6ED-E438-4B9E-ADF1-70F07E2DE531}.Release|x86.Build.0 = Release|Any CPU
		{6E46797C-5D0A-4ED0-ABEC-AFFE6DF92EDC}.Debug|Any CPU.ActiveCfg = Debug|Any CPU
		{6E46797C-5D0A-4ED0-ABEC-AFFE6DF92EDC}.Debug|Any CPU.Build.0 = Debug|Any CPU
		{6E46797C-5D0A-4ED0-ABEC-AFFE6DF92EDC}.Debug|x64.ActiveCfg = Debug|Any CPU
		{6E46797C-5D0A-4ED0-ABEC-AFFE6DF92EDC}.Debug|x64.Build.0 = Debug|Any CPU
		{6E46797C-5D0A-4ED0-ABEC-AFFE6DF92EDC}.Debug|x86.ActiveCfg = Debug|Any CPU
		{6E46797C-5D0A-4ED0-ABEC-AFFE6DF92EDC}.Debug|x86.Build.0 = Debug|Any CPU
		{6E46797C-5D0A-4ED0-ABEC-AFFE6DF92EDC}.Release|Any CPU.ActiveCfg = Release|Any CPU
		{6E46797C-5D0A-4ED0-ABEC-AFFE6DF92EDC}.Release|Any CPU.Build.0 = Release|Any CPU
		{6E46797C-5D0A-4ED0-ABEC-AFFE6DF92EDC}.Release|x64.ActiveCfg = Release|Any CPU
		{6E46797C-5D0A-4ED0-ABEC-AFFE6DF92EDC}.Release|x64.Build.0 = Release|Any CPU
		{6E46797C-5D0A-4ED0-ABEC-AFFE6DF92EDC}.Release|x86.ActiveCfg = Release|Any CPU
		{6E46797C-5D0A-4ED0-ABEC-AFFE6DF92EDC}.Release|x86.Build.0 = Release|Any CPU
		{A81AC5F6-5E66-4325-8326-2DF813C559C6}.Debug|Any CPU.ActiveCfg = Debug|Any CPU
		{A81AC5F6-5E66-4325-8326-2DF813C559C6}.Debug|Any CPU.Build.0 = Debug|Any CPU
		{A81AC5F6-5E66-4325-8326-2DF813C559C6}.Debug|x64.ActiveCfg = Debug|Any CPU
		{A81AC5F6-5E66-4325-8326-2DF813C559C6}.Debug|x64.Build.0 = Debug|Any CPU
		{A81AC5F6-5E66-4325-8326-2DF813C559C6}.Debug|x86.ActiveCfg = Debug|Any CPU
		{A81AC5F6-5E66-4325-8326-2DF813C559C6}.Debug|x86.Build.0 = Debug|Any CPU
		{A81AC5F6-5E66-4325-8326-2DF813C559C6}.Release|Any CPU.ActiveCfg = Release|Any CPU
		{A81AC5F6-5E66-4325-8326-2DF813C559C6}.Release|Any CPU.Build.0 = Release|Any CPU
		{A81AC5F6-5E66-4325-8326-2DF813C559C6}.Release|x64.ActiveCfg = Release|Any CPU
		{A81AC5F6-5E66-4325-8326-2DF813C559C6}.Release|x64.Build.0 = Release|Any CPU
		{A81AC5F6-5E66-4325-8326-2DF813C559C6}.Release|x86.ActiveCfg = Release|Any CPU
		{A81AC5F6-5E66-4325-8326-2DF813C559C6}.Release|x86.Build.0 = Release|Any CPU
		{A208FAC8-A3CB-49DF-9F7F-71022C5C2231}.Debug|Any CPU.ActiveCfg = Debug|Any CPU
		{A208FAC8-A3CB-49DF-9F7F-71022C5C2231}.Debug|Any CPU.Build.0 = Debug|Any CPU
		{A208FAC8-A3CB-49DF-9F7F-71022C5C2231}.Debug|x64.ActiveCfg = Debug|Any CPU
		{A208FAC8-A3CB-49DF-9F7F-71022C5C2231}.Debug|x64.Build.0 = Debug|Any CPU
		{A208FAC8-A3CB-49DF-9F7F-71022C5C2231}.Debug|x86.ActiveCfg = Debug|Any CPU
		{A208FAC8-A3CB-49DF-9F7F-71022C5C2231}.Debug|x86.Build.0 = Debug|Any CPU
		{A208FAC8-A3CB-49DF-9F7F-71022C5C2231}.Release|Any CPU.ActiveCfg = Release|Any CPU
		{A208FAC8-A3CB-49DF-9F7F-71022C5C2231}.Release|Any CPU.Build.0 = Release|Any CPU
		{A208FAC8-A3CB-49DF-9F7F-71022C5C2231}.Release|x64.ActiveCfg = Release|Any CPU
		{A208FAC8-A3CB-49DF-9F7F-71022C5C2231}.Release|x64.Build.0 = Release|Any CPU
		{A208FAC8-A3CB-49DF-9F7F-71022C5C2231}.Release|x86.ActiveCfg = Release|Any CPU
		{A208FAC8-A3CB-49DF-9F7F-71022C5C2231}.Release|x86.Build.0 = Release|Any CPU
		{3F0D61ED-042C-4F84-809D-4D08C8E28631}.Debug|Any CPU.ActiveCfg = Debug|Any CPU
		{3F0D61ED-042C-4F84-809D-4D08C8E28631}.Debug|Any CPU.Build.0 = Debug|Any CPU
		{3F0D61ED-042C-4F84-809D-4D08C8E28631}.Debug|x64.ActiveCfg = Debug|Any CPU
		{3F0D61ED-042C-4F84-809D-4D08C8E28631}.Debug|x64.Build.0 = Debug|Any CPU
		{3F0D61ED-042C-4F84-809D-4D08C8E28631}.Debug|x86.ActiveCfg = Debug|Any CPU
		{3F0D61ED-042C-4F84-809D-4D08C8E28631}.Debug|x86.Build.0 = Debug|Any CPU
		{3F0D61ED-042C-4F84-809D-4D08C8E28631}.Release|Any CPU.ActiveCfg = Release|Any CPU
		{3F0D61ED-042C-4F84-809D-4D08C8E28631}.Release|Any CPU.Build.0 = Release|Any CPU
		{3F0D61ED-042C-4F84-809D-4D08C8E28631}.Release|x64.ActiveCfg = Release|Any CPU
		{3F0D61ED-042C-4F84-809D-4D08C8E28631}.Release|x64.Build.0 = Release|Any CPU
		{3F0D61ED-042C-4F84-809D-4D08C8E28631}.Release|x86.ActiveCfg = Release|Any CPU
		{3F0D61ED-042C-4F84-809D-4D08C8E28631}.Release|x86.Build.0 = Release|Any CPU
		{08F7448D-E538-4BC8-A39F-C49B0E182E3D}.Debug|Any CPU.ActiveCfg = Debug|Any CPU
		{08F7448D-E538-4BC8-A39F-C49B0E182E3D}.Debug|Any CPU.Build.0 = Debug|Any CPU
		{08F7448D-E538-4BC8-A39F-C49B0E182E3D}.Debug|x64.ActiveCfg = Debug|Any CPU
		{08F7448D-E538-4BC8-A39F-C49B0E182E3D}.Debug|x64.Build.0 = Debug|Any CPU
		{08F7448D-E538-4BC8-A39F-C49B0E182E3D}.Debug|x86.ActiveCfg = Debug|Any CPU
		{08F7448D-E538-4BC8-A39F-C49B0E182E3D}.Debug|x86.Build.0 = Debug|Any CPU
		{08F7448D-E538-4BC8-A39F-C49B0E182E3D}.Release|Any CPU.ActiveCfg = Release|Any CPU
		{08F7448D-E538-4BC8-A39F-C49B0E182E3D}.Release|Any CPU.Build.0 = Release|Any CPU
		{08F7448D-E538-4BC8-A39F-C49B0E182E3D}.Release|x64.ActiveCfg = Release|Any CPU
		{08F7448D-E538-4BC8-A39F-C49B0E182E3D}.Release|x64.Build.0 = Release|Any CPU
		{08F7448D-E538-4BC8-A39F-C49B0E182E3D}.Release|x86.ActiveCfg = Release|Any CPU
		{08F7448D-E538-4BC8-A39F-C49B0E182E3D}.Release|x86.Build.0 = Release|Any CPU
		{FBB790E7-EB8D-4A6B-AC92-5C4CB8039B19}.Debug|Any CPU.ActiveCfg = Debug|Any CPU
		{FBB790E7-EB8D-4A6B-AC92-5C4CB8039B19}.Debug|Any CPU.Build.0 = Debug|Any CPU
		{FBB790E7-EB8D-4A6B-AC92-5C4CB8039B19}.Debug|x64.ActiveCfg = Debug|Any CPU
		{FBB790E7-EB8D-4A6B-AC92-5C4CB8039B19}.Debug|x64.Build.0 = Debug|Any CPU
		{FBB790E7-EB8D-4A6B-AC92-5C4CB8039B19}.Debug|x86.ActiveCfg = Debug|Any CPU
		{FBB790E7-EB8D-4A6B-AC92-5C4CB8039B19}.Debug|x86.Build.0 = Debug|Any CPU
		{FBB790E7-EB8D-4A6B-AC92-5C4CB8039B19}.Release|Any CPU.ActiveCfg = Release|Any CPU
		{FBB790E7-EB8D-4A6B-AC92-5C4CB8039B19}.Release|Any CPU.Build.0 = Release|Any CPU
		{FBB790E7-EB8D-4A6B-AC92-5C4CB8039B19}.Release|x64.ActiveCfg = Release|Any CPU
		{FBB790E7-EB8D-4A6B-AC92-5C4CB8039B19}.Release|x64.Build.0 = Release|Any CPU
		{FBB790E7-EB8D-4A6B-AC92-5C4CB8039B19}.Release|x86.ActiveCfg = Release|Any CPU
		{FBB790E7-EB8D-4A6B-AC92-5C4CB8039B19}.Release|x86.Build.0 = Release|Any CPU
	EndGlobalSection
	GlobalSection(SolutionProperties) = preSolution
		HideSolutionNode = FALSE
	EndGlobalSection
	GlobalSection(NestedProjects) = preSolution
		{77B3E6ED-E438-4B9E-ADF1-70F07E2DE531} = {827E0CD3-B72D-47B6-A68D-7590B98EB39B}
		{6E46797C-5D0A-4ED0-ABEC-AFFE6DF92EDC} = {827E0CD3-B72D-47B6-A68D-7590B98EB39B}
		{A81AC5F6-5E66-4325-8326-2DF813C559C6} = {827E0CD3-B72D-47B6-A68D-7590B98EB39B}
		{A208FAC8-A3CB-49DF-9F7F-71022C5C2231} = {827E0CD3-B72D-47B6-A68D-7590B98EB39B}
		{3F0D61ED-042C-4F84-809D-4D08C8E28631} = {0AB3BF05-4346-4AA6-1389-037BE0695223}
		{08F7448D-E538-4BC8-A39F-C49B0E182E3D} = {827E0CD3-B72D-47B6-A68D-7590B98EB39B}
		{FBB790E7-EB8D-4A6B-AC92-5C4CB8039B19} = {0AB3BF05-4346-4AA6-1389-037BE0695223}
	EndGlobalSection
EndGlobal
